Microsoft Visual Studio Solution File, Format Version 12.00
# Visual Studio Version 16
VisualStudioVersion = 16.0.28711.60
MinimumVisualStudioVersion = 10.0.40219.1
Project("{9A19103F-16F7-4668-BE54-9A1E7A4F7556}") = "Unoffical.DotSpatial.Projections", "Unofficial.DotSpatial.Projections\Unoffical.DotSpatial.Projections.csproj", "{7272CFC9-2E1C-43F7-BE6F-EFAE6E7D1D7C}"
EndProject
Global
	GlobalSection(SolutionConfigurationPlatforms) = preSolution
		Debug|Any CPU = Debug|Any CPU
		Release|Any CPU = Release|Any CPU
	EndGlobalSection
	GlobalSection(ProjectConfigurationPlatforms) = postSolution
		{7272CFC9-2E1C-43F7-BE6F-EFAE6E7D1D7C}.Debug|Any CPU.ActiveCfg = Debug|Any CPU
		{7272CFC9-2E1C-43F7-BE6F-EFAE6E7D1D7C}.Debug|Any CPU.Build.0 = Debug|Any CPU
		{7272CFC9-2E1C-43F7-BE6F-EFAE6E7D1D7C}.Release|Any CPU.ActiveCfg = Release|Any CPU
		{7272CFC9-2E1C-43F7-BE6F-EFAE6E7D1D7C}.Release|Any CPU.Build.0 = Release|Any CPU
	EndGlobalSection
	GlobalSection(SolutionProperties) = preSolution
		HideSolutionNode = FALSE
	EndGlobalSection
	GlobalSection(ExtensibilityGlobals) = postSolution
		SolutionGuid = {B34C9EE1-50F3-4C28-87C2-9E28412EF6E8}
	EndGlobalSection
EndGlobal
