Microsoft Visual Studio Solution File, Format Version 12.00
# Visual Studio 14
VisualStudioVersion = 14.0.22823.1
MinimumVisualStudioVersion = 10.0.40219.1
Project("{F2A71F9B-5D33-465A-A702-920D77279786}") = "Unofficial.DotSpatial.Projections", "Unofficial.DotSpatial.Projections\Unofficial.DotSpatial.Projections.fsproj", "{f7740970-e37e-4f4d-8b7d-7b4fbc64f45f}"
EndProject
Global
	GlobalSection(SolutionConfigurationPlatforms) = preSolution
		Debug|Any CPU = Debug|Any CPU
		Release|Any CPU = Release|Any CPU
	EndGlobalSection
	GlobalSection(ProjectConfigurationPlatforms) = postSolution
		{f7740970-e37e-4f4d-8b7d-7b4fbc64f45f}.Debug|Any CPU.ActiveCfg = Debug|Any CPU
		{f7740970-e37e-4f4d-8b7d-7b4fbc64f45f}.Debug|Any CPU.Build.0 = Debug|Any CPU
		{f7740970-e37e-4f4d-8b7d-7b4fbc64f45f}.Release|Any CPU.ActiveCfg = Release|Any CPU
		{f7740970-e37e-4f4d-8b7d-7b4fbc64f45f}.Release|Any CPU.Build.0 = Release|Any CPU
	EndGlobalSection
	GlobalSection(SolutionProperties) = preSolution
		HideSolutionNode = FALSE
	EndGlobalSection
EndGlobal
